// !$*UTF8*$!
{
	archiveVersion = 1;
	classes = {
	};
	objectVersion = 52;
	objects = {

/* Begin PBXBuildFile section */
		0C192BDA2379D36500D03E33 /* HabitudeCollectionViewCell.swift in Sources */ = {isa = PBXBuildFile; fileRef = 0C192BD92379D36500D03E33 /* HabitudeCollectionViewCell.swift */; };
		0C1F24A323537B4B00533AF1 /* AppDelegate.swift in Sources */ = {isa = PBXBuildFile; fileRef = 0C1F24A223537B4B00533AF1 /* AppDelegate.swift */; };
		0C1F24AA23537B4C00533AF1 /* Assets.xcassets in Resources */ = {isa = PBXBuildFile; fileRef = 0C1F24A923537B4C00533AF1 /* Assets.xcassets */; };
		0C1F24AD23537B4C00533AF1 /* LaunchScreen.storyboard in Resources */ = {isa = PBXBuildFile; fileRef = 0C1F24AB23537B4C00533AF1 /* LaunchScreen.storyboard */; };
		0C22432823538E1D002474CD /* Root.storyboard in Resources */ = {isa = PBXBuildFile; fileRef = 0C22432723538E1D002474CD /* Root.storyboard */; };
		0C22432D23538ECD002474CD /* HabitListViewController.swift in Sources */ = {isa = PBXBuildFile; fileRef = 0C22432C23538ECD002474CD /* HabitListViewController.swift */; };
		0C22432F23538EF3002474CD /* HabitListViewModel.swift in Sources */ = {isa = PBXBuildFile; fileRef = 0C22432E23538EF3002474CD /* HabitListViewModel.swift */; };
		0C22433223538F1B002474CD /* HabitCreationViewController.swift in Sources */ = {isa = PBXBuildFile; fileRef = 0C22433123538F1B002474CD /* HabitCreationViewController.swift */; };
		0C22433423538F46002474CD /* HabitCreationViewModel.swift in Sources */ = {isa = PBXBuildFile; fileRef = 0C22433323538F46002474CD /* HabitCreationViewModel.swift */; };
		0C22433723538F5E002474CD /* SettingsViewController.swift in Sources */ = {isa = PBXBuildFile; fileRef = 0C22433623538F5E002474CD /* SettingsViewController.swift */; };
		0C22433923538F7F002474CD /* SettingsViewModel.swift in Sources */ = {isa = PBXBuildFile; fileRef = 0C22433823538F7F002474CD /* SettingsViewModel.swift */; };
		0C398D3E2371924B0061C4E8 /* HabitActivation.swift in Sources */ = {isa = PBXBuildFile; fileRef = 0C398D3D2371924B0061C4E8 /* HabitActivation.swift */; };
		0C5EF766237B303F00B93660 /* Localizable.strings in Resources */ = {isa = PBXBuildFile; fileRef = 0C5EF768237B303F00B93660 /* Localizable.strings */; };
		0C5F44B623641FC7004604EA /* HabitCreationColorCollectionViewCell.swift in Sources */ = {isa = PBXBuildFile; fileRef = 0C5F44B423641FC7004604EA /* HabitCreationColorCollectionViewCell.swift */; };
		0C5F44B723641FC7004604EA /* HabitCreationColorCollectionViewCell.xib in Resources */ = {isa = PBXBuildFile; fileRef = 0C5F44B523641FC7004604EA /* HabitCreationColorCollectionViewCell.xib */; };
		0C5F44B923641FD8004604EA /* HabitCreationColorCollectionViewCellModel.swift in Sources */ = {isa = PBXBuildFile; fileRef = 0C5F44B823641FD8004604EA /* HabitCreationColorCollectionViewCellModel.swift */; };
		0C5F44BC23647C28004604EA /* HabitCreationIconCollectionViewCell.swift in Sources */ = {isa = PBXBuildFile; fileRef = 0C5F44BA23647C28004604EA /* HabitCreationIconCollectionViewCell.swift */; };
		0C5F44BD23647C28004604EA /* HabitCreationIconCollectionViewCell.xib in Resources */ = {isa = PBXBuildFile; fileRef = 0C5F44BB23647C28004604EA /* HabitCreationIconCollectionViewCell.xib */; };
		0C5F44BF23647C3B004604EA /* HabitCreationIconCollectionViewCellModel.swift in Sources */ = {isa = PBXBuildFile; fileRef = 0C5F44BE23647C3B004604EA /* HabitCreationIconCollectionViewCellModel.swift */; };
		0C5F44C123648E32004604EA /* UIColor+AdditionalColors.swift in Sources */ = {isa = PBXBuildFile; fileRef = 0C5F44C023648E32004604EA /* UIColor+AdditionalColors.swift */; };
		0C5F44C3236490D4004604EA /* UITextField+Padding.swift in Sources */ = {isa = PBXBuildFile; fileRef = 0C5F44C2236490D4004604EA /* UITextField+Padding.swift */; };
		0C5F44C52364995E004604EA /* UIViewController+Alerts.swift in Sources */ = {isa = PBXBuildFile; fileRef = 0C5F44C42364995E004604EA /* UIViewController+Alerts.swift */; };
		0C5F44C72364996C004604EA /* UIView+Shake.swift in Sources */ = {isa = PBXBuildFile; fileRef = 0C5F44C62364996C004604EA /* UIView+Shake.swift */; };
		0C662C3D2354510A00515DF8 /* HabitListCollectionViewCell.swift in Sources */ = {isa = PBXBuildFile; fileRef = 0C662C3B2354510A00515DF8 /* HabitListCollectionViewCell.swift */; };
		0C662C3E2354510A00515DF8 /* HabitListCollectionViewCell.xib in Resources */ = {isa = PBXBuildFile; fileRef = 0C662C3C2354510A00515DF8 /* HabitListCollectionViewCell.xib */; };
		0C662C402354511F00515DF8 /* HabitListCollectionViewCellModel.swift in Sources */ = {isa = PBXBuildFile; fileRef = 0C662C3F2354511F00515DF8 /* HabitListCollectionViewCellModel.swift */; };
		0C662C452354554900515DF8 /* RxDataSources in Frameworks */ = {isa = PBXBuildFile; productRef = 0C662C442354554900515DF8 /* RxDataSources */; };
		0C662C482354559D00515DF8 /* RealmSwift in Frameworks */ = {isa = PBXBuildFile; productRef = 0C662C472354559D00515DF8 /* RealmSwift */; };
		0C7B92B5237B0E23009072EA /* NotificationManager.swift in Sources */ = {isa = PBXBuildFile; fileRef = 0C7B92B4237B0E23009072EA /* NotificationManager.swift */; };
		0C7BE7372365EFC20003AA19 /* DBManager.swift in Sources */ = {isa = PBXBuildFile; fileRef = 0C7BE7362365EFC20003AA19 /* DBManager.swift */; };
		0C9615182366BF990038C48D /* DateHelper.swift in Sources */ = {isa = PBXBuildFile; fileRef = 0C9615172366BF990038C48D /* DateHelper.swift */; };
		0C96151B2366C4140038C48D /* RxRealm in Frameworks */ = {isa = PBXBuildFile; productRef = 0C96151A2366C4140038C48D /* RxRealm */; };
		0C96151D2366C4900038C48D /* HabitHelper.swift in Sources */ = {isa = PBXBuildFile; fileRef = 0C96151C2366C4900038C48D /* HabitHelper.swift */; };
		0CB7DA2C2356432200D93033 /* Habit.swift in Sources */ = {isa = PBXBuildFile; fileRef = 0CB7DA2B2356432200D93033 /* Habit.swift */; };
		0CB7DA2E2356445E00D93033 /* HabitIcon.swift in Sources */ = {isa = PBXBuildFile; fileRef = 0CB7DA2D2356445E00D93033 /* HabitIcon.swift */; };
		0CB7DA30235644B100D93033 /* HabitColor.swift in Sources */ = {isa = PBXBuildFile; fileRef = 0CB7DA2F235644B100D93033 /* HabitColor.swift */; };
		0CB7DA32235644E100D93033 /* UIColor+Hex.swift in Sources */ = {isa = PBXBuildFile; fileRef = 0CB7DA31235644E100D93033 /* UIColor+Hex.swift */; };
		0CB7DA362356474B00D93033 /* DataManager.swift in Sources */ = {isa = PBXBuildFile; fileRef = 0CB7DA352356474B00D93033 /* DataManager.swift */; };
		0CD747802376FCC400FA3A33 /* sound_deactivation.mp3 in Resources */ = {isa = PBXBuildFile; fileRef = 0CD7477E2376FCC400FA3A33 /* sound_deactivation.mp3 */; };
		0CD747812376FCC400FA3A33 /* sound_activation.mp3 in Resources */ = {isa = PBXBuildFile; fileRef = 0CD7477F2376FCC400FA3A33 /* sound_activation.mp3 */; };
		0CD747832376FD3B00FA3A33 /* SoundHelper.swift in Sources */ = {isa = PBXBuildFile; fileRef = 0CD747822376FD3B00FA3A33 /* SoundHelper.swift */; };
/* End PBXBuildFile section */

/* Begin PBXFileReference section */
		0C192BD92379D36500D03E33 /* HabitudeCollectionViewCell.swift */ = {isa = PBXFileReference; lastKnownFileType = sourcecode.swift; path = HabitudeCollectionViewCell.swift; sourceTree = "<group>"; };
		0C1F249F23537B4B00533AF1 /* Habitude.app */ = {isa = PBXFileReference; explicitFileType = wrapper.application; includeInIndex = 0; path = Habitude.app; sourceTree = BUILT_PRODUCTS_DIR; };
		0C1F24A223537B4B00533AF1 /* AppDelegate.swift */ = {isa = PBXFileReference; lastKnownFileType = sourcecode.swift; path = AppDelegate.swift; sourceTree = "<group>"; };
		0C1F24A923537B4C00533AF1 /* Assets.xcassets */ = {isa = PBXFileReference; lastKnownFileType = folder.assetcatalog; path = Assets.xcassets; sourceTree = "<group>"; };
		0C1F24AC23537B4C00533AF1 /* Base */ = {isa = PBXFileReference; lastKnownFileType = file.storyboard; name = Base; path = Base.lproj/LaunchScreen.storyboard; sourceTree = "<group>"; };
		0C1F24AE23537B4C00533AF1 /* Info.plist */ = {isa = PBXFileReference; lastKnownFileType = text.plist.xml; path = Info.plist; sourceTree = "<group>"; };
		0C22432723538E1D002474CD /* Root.storyboard */ = {isa = PBXFileReference; lastKnownFileType = file.storyboard; path = Root.storyboard; sourceTree = "<group>"; };
		0C22432C23538ECD002474CD /* HabitListViewController.swift */ = {isa = PBXFileReference; lastKnownFileType = sourcecode.swift; path = HabitListViewController.swift; sourceTree = "<group>"; };
		0C22432E23538EF3002474CD /* HabitListViewModel.swift */ = {isa = PBXFileReference; lastKnownFileType = sourcecode.swift; path = HabitListViewModel.swift; sourceTree = "<group>"; };
		0C22433123538F1B002474CD /* HabitCreationViewController.swift */ = {isa = PBXFileReference; lastKnownFileType = sourcecode.swift; path = HabitCreationViewController.swift; sourceTree = "<group>"; };
		0C22433323538F46002474CD /* HabitCreationViewModel.swift */ = {isa = PBXFileReference; lastKnownFileType = sourcecode.swift; path = HabitCreationViewModel.swift; sourceTree = "<group>"; };
		0C22433623538F5E002474CD /* SettingsViewController.swift */ = {isa = PBXFileReference; lastKnownFileType = sourcecode.swift; path = SettingsViewController.swift; sourceTree = "<group>"; };
		0C22433823538F7F002474CD /* SettingsViewModel.swift */ = {isa = PBXFileReference; lastKnownFileType = sourcecode.swift; path = SettingsViewModel.swift; sourceTree = "<group>"; };
		0C398D3D2371924B0061C4E8 /* HabitActivation.swift */ = {isa = PBXFileReference; lastKnownFileType = sourcecode.swift; path = HabitActivation.swift; sourceTree = "<group>"; };
		0C5EF767237B303F00B93660 /* en */ = {isa = PBXFileReference; lastKnownFileType = text.plist.strings; name = en; path = en.lproj/Localizable.strings; sourceTree = "<group>"; };
		0C5EF769237B305400B93660 /* ru */ = {isa = PBXFileReference; lastKnownFileType = text.plist.strings; name = ru; path = ru.lproj/Localizable.strings; sourceTree = "<group>"; };
		0C5F44B423641FC7004604EA /* HabitCreationColorCollectionViewCell.swift */ = {isa = PBXFileReference; lastKnownFileType = sourcecode.swift; path = HabitCreationColorCollectionViewCell.swift; sourceTree = "<group>"; };
		0C5F44B523641FC7004604EA /* HabitCreationColorCollectionViewCell.xib */ = {isa = PBXFileReference; lastKnownFileType = file.xib; path = HabitCreationColorCollectionViewCell.xib; sourceTree = "<group>"; };
		0C5F44B823641FD8004604EA /* HabitCreationColorCollectionViewCellModel.swift */ = {isa = PBXFileReference; lastKnownFileType = sourcecode.swift; path = HabitCreationColorCollectionViewCellModel.swift; sourceTree = "<group>"; };
		0C5F44BA23647C28004604EA /* HabitCreationIconCollectionViewCell.swift */ = {isa = PBXFileReference; lastKnownFileType = sourcecode.swift; path = HabitCreationIconCollectionViewCell.swift; sourceTree = "<group>"; };
		0C5F44BB23647C28004604EA /* HabitCreationIconCollectionViewCell.xib */ = {isa = PBXFileReference; lastKnownFileType = file.xib; path = HabitCreationIconCollectionViewCell.xib; sourceTree = "<group>"; };
		0C5F44BE23647C3B004604EA /* HabitCreationIconCollectionViewCellModel.swift */ = {isa = PBXFileReference; lastKnownFileType = sourcecode.swift; path = HabitCreationIconCollectionViewCellModel.swift; sourceTree = "<group>"; };
		0C5F44C023648E32004604EA /* UIColor+AdditionalColors.swift */ = {isa = PBXFileReference; lastKnownFileType = sourcecode.swift; path = "UIColor+AdditionalColors.swift"; sourceTree = "<group>"; };
		0C5F44C2236490D4004604EA /* UITextField+Padding.swift */ = {isa = PBXFileReference; lastKnownFileType = sourcecode.swift; path = "UITextField+Padding.swift"; sourceTree = "<group>"; };
		0C5F44C42364995E004604EA /* UIViewController+Alerts.swift */ = {isa = PBXFileReference; lastKnownFileType = sourcecode.swift; path = "UIViewController+Alerts.swift"; sourceTree = "<group>"; };
		0C5F44C62364996C004604EA /* UIView+Shake.swift */ = {isa = PBXFileReference; lastKnownFileType = sourcecode.swift; path = "UIView+Shake.swift"; sourceTree = "<group>"; };
		0C662C3B2354510A00515DF8 /* HabitListCollectionViewCell.swift */ = {isa = PBXFileReference; lastKnownFileType = sourcecode.swift; path = HabitListCollectionViewCell.swift; sourceTree = "<group>"; };
		0C662C3C2354510A00515DF8 /* HabitListCollectionViewCell.xib */ = {isa = PBXFileReference; lastKnownFileType = file.xib; path = HabitListCollectionViewCell.xib; sourceTree = "<group>"; };
		0C662C3F2354511F00515DF8 /* HabitListCollectionViewCellModel.swift */ = {isa = PBXFileReference; lastKnownFileType = sourcecode.swift; path = HabitListCollectionViewCellModel.swift; sourceTree = "<group>"; };
		0C7B92B4237B0E23009072EA /* NotificationManager.swift */ = {isa = PBXFileReference; lastKnownFileType = sourcecode.swift; path = NotificationManager.swift; sourceTree = "<group>"; };
		0C7BE7362365EFC20003AA19 /* DBManager.swift */ = {isa = PBXFileReference; lastKnownFileType = sourcecode.swift; path = DBManager.swift; sourceTree = "<group>"; };
		0C9615172366BF990038C48D /* DateHelper.swift */ = {isa = PBXFileReference; lastKnownFileType = sourcecode.swift; path = DateHelper.swift; sourceTree = "<group>"; };
		0C96151C2366C4900038C48D /* HabitHelper.swift */ = {isa = PBXFileReference; lastKnownFileType = sourcecode.swift; path = HabitHelper.swift; sourceTree = "<group>"; };
		0CB7DA2B2356432200D93033 /* Habit.swift */ = {isa = PBXFileReference; lastKnownFileType = sourcecode.swift; path = Habit.swift; sourceTree = "<group>"; };
		0CB7DA2D2356445E00D93033 /* HabitIcon.swift */ = {isa = PBXFileReference; lastKnownFileType = sourcecode.swift; path = HabitIcon.swift; sourceTree = "<group>"; };
		0CB7DA2F235644B100D93033 /* HabitColor.swift */ = {isa = PBXFileReference; lastKnownFileType = sourcecode.swift; path = HabitColor.swift; sourceTree = "<group>"; };
		0CB7DA31235644E100D93033 /* UIColor+Hex.swift */ = {isa = PBXFileReference; lastKnownFileType = sourcecode.swift; path = "UIColor+Hex.swift"; sourceTree = "<group>"; };
		0CB7DA352356474B00D93033 /* DataManager.swift */ = {isa = PBXFileReference; lastKnownFileType = sourcecode.swift; path = DataManager.swift; sourceTree = "<group>"; };
		0CD7477E2376FCC400FA3A33 /* sound_deactivation.mp3 */ = {isa = PBXFileReference; lastKnownFileType = audio.mp3; path = sound_deactivation.mp3; sourceTree = "<group>"; };
		0CD7477F2376FCC400FA3A33 /* sound_activation.mp3 */ = {isa = PBXFileReference; lastKnownFileType = audio.mp3; path = sound_activation.mp3; sourceTree = "<group>"; };
		0CD747822376FD3B00FA3A33 /* SoundHelper.swift */ = {isa = PBXFileReference; lastKnownFileType = sourcecode.swift; path = SoundHelper.swift; sourceTree = "<group>"; };
/* End PBXFileReference section */

/* Begin PBXFrameworksBuildPhase section */
		0C1F249C23537B4B00533AF1 /* Frameworks */ = {
			isa = PBXFrameworksBuildPhase;
			buildActionMask = 2147483647;
			files = (
				0C96151B2366C4140038C48D /* RxRealm in Frameworks */,
				0C662C482354559D00515DF8 /* RealmSwift in Frameworks */,
				0C662C452354554900515DF8 /* RxDataSources in Frameworks */,
			);
			runOnlyForDeploymentPostprocessing = 0;
		};
/* End PBXFrameworksBuildPhase section */

/* Begin PBXGroup section */
		0C1F249623537B4B00533AF1 = {
			isa = PBXGroup;
			children = (
				0C1F24A123537B4B00533AF1 /* habitude */,
				0C1F24A023537B4B00533AF1 /* Products */,
			);
			sourceTree = "<group>";
		};
		0C1F24A023537B4B00533AF1 /* Products */ = {
			isa = PBXGroup;
			children = (
				0C1F249F23537B4B00533AF1 /* Habitude.app */,
			);
			name = Products;
			sourceTree = "<group>";
		};
		0C1F24A123537B4B00533AF1 /* habitude */ = {
			isa = PBXGroup;
			children = (
				0C1F24A223537B4B00533AF1 /* AppDelegate.swift */,
				0C22432323538DF4002474CD /* ViewControllers */,
				0C22432423538DFA002474CD /* Views */,
				0C22432523538E00002474CD /* Managers */,
				0C22432623538E09002474CD /* Extensions */,
				0C22432B23538EBC002474CD /* Models */,
				0CD7477D2376FCB200FA3A33 /* Resources */,
				0C1F24A923537B4C00533AF1 /* Assets.xcassets */,
				0C1F24AB23537B4C00533AF1 /* LaunchScreen.storyboard */,
				0C1F24AE23537B4C00533AF1 /* Info.plist */,
			);
			path = habitude;
			sourceTree = "<group>";
		};
		0C22432323538DF4002474CD /* ViewControllers */ = {
			isa = PBXGroup;
			children = (
				0C22432723538E1D002474CD /* Root.storyboard */,
				0C22432A23538EB1002474CD /* HabitListViewController */,
				0C22433023538F07002474CD /* HabitCreationViewController */,
				0C22433523538F4F002474CD /* SettingsViewController */,
			);
			path = ViewControllers;
			sourceTree = "<group>";
		};
		0C22432423538DFA002474CD /* Views */ = {
			isa = PBXGroup;
			children = (
				0C192BD92379D36500D03E33 /* HabitudeCollectionViewCell.swift */,
				0C662C3A235450DE00515DF8 /* HabitListCollectionViewCell */,
				0C5F44B223641F96004604EA /* HabitCreationHabitCollectionViewCell */,
				0C5F44B323641FA6004604EA /* HabitCreationColorCollectionViewCell */,
			);
			path = Views;
			sourceTree = "<group>";
		};
		0C22432523538E00002474CD /* Managers */ = {
			isa = PBXGroup;
			children = (
				0C9615172366BF990038C48D /* DateHelper.swift */,
				0CD747822376FD3B00FA3A33 /* SoundHelper.swift */,
				0C96151C2366C4900038C48D /* HabitHelper.swift */,
				0C7B92B4237B0E23009072EA /* NotificationManager.swift */,
				0CB7DA352356474B00D93033 /* DataManager.swift */,
				0C7BE7362365EFC20003AA19 /* DBManager.swift */,
			);
			path = Managers;
			sourceTree = "<group>";
		};
		0C22432623538E09002474CD /* Extensions */ = {
			isa = PBXGroup;
			children = (
				0CB7DA31235644E100D93033 /* UIColor+Hex.swift */,
				0C5F44C023648E32004604EA /* UIColor+AdditionalColors.swift */,
				0C5F44C2236490D4004604EA /* UITextField+Padding.swift */,
				0C5F44C42364995E004604EA /* UIViewController+Alerts.swift */,
				0C5F44C62364996C004604EA /* UIView+Shake.swift */,
			);
			path = Extensions;
			sourceTree = "<group>";
		};
		0C22432A23538EB1002474CD /* HabitListViewController */ = {
			isa = PBXGroup;
			children = (
				0C22432C23538ECD002474CD /* HabitListViewController.swift */,
				0C22432E23538EF3002474CD /* HabitListViewModel.swift */,
			);
			path = HabitListViewController;
			sourceTree = "<group>";
		};
		0C22432B23538EBC002474CD /* Models */ = {
			isa = PBXGroup;
			children = (
				0CB7DA2B2356432200D93033 /* Habit.swift */,
				0C398D3D2371924B0061C4E8 /* HabitActivation.swift */,
				0CB7DA2D2356445E00D93033 /* HabitIcon.swift */,
				0CB7DA2F235644B100D93033 /* HabitColor.swift */,
			);
			path = Models;
			sourceTree = "<group>";
		};
		0C22433023538F07002474CD /* HabitCreationViewController */ = {
			isa = PBXGroup;
			children = (
				0C22433123538F1B002474CD /* HabitCreationViewController.swift */,
				0C22433323538F46002474CD /* HabitCreationViewModel.swift */,
			);
			path = HabitCreationViewController;
			sourceTree = "<group>";
		};
		0C22433523538F4F002474CD /* SettingsViewController */ = {
			isa = PBXGroup;
			children = (
				0C22433623538F5E002474CD /* SettingsViewController.swift */,
				0C22433823538F7F002474CD /* SettingsViewModel.swift */,
			);
			path = SettingsViewController;
			sourceTree = "<group>";
		};
		0C5F44B223641F96004604EA /* HabitCreationHabitCollectionViewCell */ = {
			isa = PBXGroup;
			children = (
				0C5F44BB23647C28004604EA /* HabitCreationIconCollectionViewCell.xib */,
				0C5F44BA23647C28004604EA /* HabitCreationIconCollectionViewCell.swift */,
				0C5F44BE23647C3B004604EA /* HabitCreationIconCollectionViewCellModel.swift */,
			);
			path = HabitCreationHabitCollectionViewCell;
			sourceTree = "<group>";
		};
		0C5F44B323641FA6004604EA /* HabitCreationColorCollectionViewCell */ = {
			isa = PBXGroup;
			children = (
				0C5F44B523641FC7004604EA /* HabitCreationColorCollectionViewCell.xib */,
				0C5F44B423641FC7004604EA /* HabitCreationColorCollectionViewCell.swift */,
				0C5F44B823641FD8004604EA /* HabitCreationColorCollectionViewCellModel.swift */,
			);
			path = HabitCreationColorCollectionViewCell;
			sourceTree = "<group>";
		};
		0C662C3A235450DE00515DF8 /* HabitListCollectionViewCell */ = {
			isa = PBXGroup;
			children = (
				0C662C3C2354510A00515DF8 /* HabitListCollectionViewCell.xib */,
				0C662C3B2354510A00515DF8 /* HabitListCollectionViewCell.swift */,
				0C662C3F2354511F00515DF8 /* HabitListCollectionViewCellModel.swift */,
			);
			path = HabitListCollectionViewCell;
			sourceTree = "<group>";
		};
		0CD7477D2376FCB200FA3A33 /* Resources */ = {
			isa = PBXGroup;
			children = (
				0C5EF768237B303F00B93660 /* Localizable.strings */,
				0CD7477F2376FCC400FA3A33 /* sound_activation.mp3 */,
				0CD7477E2376FCC400FA3A33 /* sound_deactivation.mp3 */,
			);
			path = Resources;
			sourceTree = "<group>";
		};
/* End PBXGroup section */

/* Begin PBXNativeTarget section */
		0C1F249E23537B4B00533AF1 /* habitude */ = {
			isa = PBXNativeTarget;
			buildConfigurationList = 0C1F24B123537B4C00533AF1 /* Build configuration list for PBXNativeTarget "habitude" */;
			buildPhases = (
				0C1F249B23537B4B00533AF1 /* Sources */,
				0C1F249C23537B4B00533AF1 /* Frameworks */,
				0C1F249D23537B4B00533AF1 /* Resources */,
				0CC672BF237D51460036D2AF /* Swiftlint */,
			);
			buildRules = (
			);
			dependencies = (
			);
			name = habitude;
			packageProductDependencies = (
				0C662C442354554900515DF8 /* RxDataSources */,
				0C662C472354559D00515DF8 /* RealmSwift */,
				0C96151A2366C4140038C48D /* RxRealm */,
			);
			productName = habitude;
			productReference = 0C1F249F23537B4B00533AF1 /* Habitude.app */;
			productType = "com.apple.product-type.application";
		};
/* End PBXNativeTarget section */

/* Begin PBXProject section */
		0C1F249723537B4B00533AF1 /* Project object */ = {
			isa = PBXProject;
			attributes = {
				LastSwiftUpdateCheck = 1030;
				LastUpgradeCheck = 1030;
				ORGANIZATIONNAME = MSKR;
				TargetAttributes = {
					0C1F249E23537B4B00533AF1 = {
						CreatedOnToolsVersion = 10.3;
					};
				};
			};
			buildConfigurationList = 0C1F249A23537B4B00533AF1 /* Build configuration list for PBXProject "habitude" */;
			compatibilityVersion = "Xcode 9.3";
			developmentRegion = en;
			hasScannedForEncodings = 0;
			knownRegions = (
				en,
				Base,
				ru,
			);
			mainGroup = 0C1F249623537B4B00533AF1;
			packageReferences = (
				0C662C412354554800515DF8 /* XCRemoteSwiftPackageReference "RxDataSources" */,
				0C662C462354559D00515DF8 /* XCRemoteSwiftPackageReference "realm-cocoa" */,
				0C9615192366C4140038C48D /* XCRemoteSwiftPackageReference "RxRealm" */,
			);
			productRefGroup = 0C1F24A023537B4B00533AF1 /* Products */;
			projectDirPath = "";
			projectRoot = "";
			targets = (
				0C1F249E23537B4B00533AF1 /* habitude */,
			);
		};
/* End PBXProject section */

/* Begin PBXResourcesBuildPhase section */
		0C1F249D23537B4B00533AF1 /* Resources */ = {
			isa = PBXResourcesBuildPhase;
			buildActionMask = 2147483647;
			files = (
				0C22432823538E1D002474CD /* Root.storyboard in Resources */,
				0C5F44BD23647C28004604EA /* HabitCreationIconCollectionViewCell.xib in Resources */,
				0C1F24AD23537B4C00533AF1 /* LaunchScreen.storyboard in Resources */,
				0CD747802376FCC400FA3A33 /* sound_deactivation.mp3 in Resources */,
				0C5EF766237B303F00B93660 /* Localizable.strings in Resources */,
				0CD747812376FCC400FA3A33 /* sound_activation.mp3 in Resources */,
				0C1F24AA23537B4C00533AF1 /* Assets.xcassets in Resources */,
				0C5F44B723641FC7004604EA /* HabitCreationColorCollectionViewCell.xib in Resources */,
				0C662C3E2354510A00515DF8 /* HabitListCollectionViewCell.xib in Resources */,
			);
			runOnlyForDeploymentPostprocessing = 0;
		};
/* End PBXResourcesBuildPhase section */

/* Begin PBXShellScriptBuildPhase section */
		0CC672BF237D51460036D2AF /* Swiftlint */ = {
			isa = PBXShellScriptBuildPhase;
			buildActionMask = 2147483647;
			files = (
			);
			inputFileListPaths = (
			);
			inputPaths = (
			);
			name = Swiftlint;
			outputFileListPaths = (
			);
			outputPaths = (
			);
			runOnlyForDeploymentPostprocessing = 0;
			shellPath = /bin/sh;
			shellScript = "# Type a script or drag a script file from your workspace to insert its path.\nif which swiftlint >/dev/null; then\nswiftlint\nelse\necho \"warning: SwiftLint not installed, download from https://github.com/realm/SwiftLint\"\nfi\n";
		};
/* End PBXShellScriptBuildPhase section */

/* Begin PBXSourcesBuildPhase section */
		0C1F249B23537B4B00533AF1 /* Sources */ = {
			isa = PBXSourcesBuildPhase;
			buildActionMask = 2147483647;
			files = (
				0C22433223538F1B002474CD /* HabitCreationViewController.swift in Sources */,
				0C662C402354511F00515DF8 /* HabitListCollectionViewCellModel.swift in Sources */,
				0C5F44B623641FC7004604EA /* HabitCreationColorCollectionViewCell.swift in Sources */,
				0CB7DA30235644B100D93033 /* HabitColor.swift in Sources */,
				0CB7DA362356474B00D93033 /* DataManager.swift in Sources */,
				0C22432F23538EF3002474CD /* HabitListViewModel.swift in Sources */,
				0C1F24A323537B4B00533AF1 /* AppDelegate.swift in Sources */,
				0C22432D23538ECD002474CD /* HabitListViewController.swift in Sources */,
				0C96151D2366C4900038C48D /* HabitHelper.swift in Sources */,
				0CB7DA2E2356445E00D93033 /* HabitIcon.swift in Sources */,
				0C398D3E2371924B0061C4E8 /* HabitActivation.swift in Sources */,
				0C9615182366BF990038C48D /* DateHelper.swift in Sources */,
				0C192BDA2379D36500D03E33 /* HabitudeCollectionViewCell.swift in Sources */,
				0C22433423538F46002474CD /* HabitCreationViewModel.swift in Sources */,
				0CB7DA2C2356432200D93033 /* Habit.swift in Sources */,
				0CB7DA32235644E100D93033 /* UIColor+Hex.swift in Sources */,
				0C662C3D2354510A00515DF8 /* HabitListCollectionViewCell.swift in Sources */,
				0CD747832376FD3B00FA3A33 /* SoundHelper.swift in Sources */,
				0C5F44C72364996C004604EA /* UIView+Shake.swift in Sources */,
				0C5F44C3236490D4004604EA /* UITextField+Padding.swift in Sources */,
				0C22433723538F5E002474CD /* SettingsViewController.swift in Sources */,
				0C5F44C123648E32004604EA /* UIColor+AdditionalColors.swift in Sources */,
				0C5F44B923641FD8004604EA /* HabitCreationColorCollectionViewCellModel.swift in Sources */,
				0C7BE7372365EFC20003AA19 /* DBManager.swift in Sources */,
				0C5F44BF23647C3B004604EA /* HabitCreationIconCollectionViewCellModel.swift in Sources */,
				0C22433923538F7F002474CD /* SettingsViewModel.swift in Sources */,
				0C5F44C52364995E004604EA /* UIViewController+Alerts.swift in Sources */,
				0C7B92B5237B0E23009072EA /* NotificationManager.swift in Sources */,
				0C5F44BC23647C28004604EA /* HabitCreationIconCollectionViewCell.swift in Sources */,
			);
			runOnlyForDeploymentPostprocessing = 0;
		};
/* End PBXSourcesBuildPhase section */

/* Begin PBXVariantGroup section */
		0C1F24AB23537B4C00533AF1 /* LaunchScreen.storyboard */ = {
			isa = PBXVariantGroup;
			children = (
				0C1F24AC23537B4C00533AF1 /* Base */,
			);
			name = LaunchScreen.storyboard;
			sourceTree = "<group>";
		};
		0C5EF768237B303F00B93660 /* Localizable.strings */ = {
			isa = PBXVariantGroup;
			children = (
				0C5EF767237B303F00B93660 /* en */,
				0C5EF769237B305400B93660 /* ru */,
			);
			name = Localizable.strings;
			sourceTree = "<group>";
		};
/* End PBXVariantGroup section */

/* Begin XCBuildConfiguration section */
		0C1F24AF23537B4C00533AF1 /* Debug */ = {
			isa = XCBuildConfiguration;
			buildSettings = {
				ALWAYS_SEARCH_USER_PATHS = NO;
				CLANG_ANALYZER_LOCALIZABILITY_NONLOCALIZED = YES;
				CLANG_ANALYZER_NONNULL = YES;
				CLANG_ANALYZER_NUMBER_OBJECT_CONVERSION = YES_AGGRESSIVE;
				CLANG_CXX_LANGUAGE_STANDARD = "gnu++14";
				CLANG_CXX_LIBRARY = "libc++";
				CLANG_ENABLE_MODULES = YES;
				CLANG_ENABLE_OBJC_ARC = YES;
				CLANG_ENABLE_OBJC_WEAK = YES;
				CLANG_WARN_BLOCK_CAPTURE_AUTORELEASING = YES;
				CLANG_WARN_BOOL_CONVERSION = YES;
				CLANG_WARN_COMMA = YES;
				CLANG_WARN_CONSTANT_CONVERSION = YES;
				CLANG_WARN_DEPRECATED_OBJC_IMPLEMENTATIONS = YES;
				CLANG_WARN_DIRECT_OBJC_ISA_USAGE = YES_ERROR;
				CLANG_WARN_DOCUMENTATION_COMMENTS = YES;
				CLANG_WARN_EMPTY_BODY = YES;
				CLANG_WARN_ENUM_CONVERSION = YES;
				CLANG_WARN_INFINITE_RECURSION = YES;
				CLANG_WARN_INT_CONVERSION = YES;
				CLANG_WARN_NON_LITERAL_NULL_CONVERSION = YES;
				CLANG_WARN_OBJC_IMPLICIT_RETAIN_SELF = YES;
				CLANG_WARN_OBJC_LITERAL_CONVERSION = YES;
				CLANG_WARN_OBJC_ROOT_CLASS = YES_ERROR;
				CLANG_WARN_RANGE_LOOP_ANALYSIS = YES;
				CLANG_WARN_STRICT_PROTOTYPES = YES;
				CLANG_WARN_SUSPICIOUS_MOVE = YES;
				CLANG_WARN_UNGUARDED_AVAILABILITY = YES_AGGRESSIVE;
				CLANG_WARN_UNREACHABLE_CODE = YES;
				CLANG_WARN__DUPLICATE_METHOD_MATCH = YES;
				CODE_SIGN_IDENTITY = "iPhone Developer";
				COPY_PHASE_STRIP = NO;
				DEBUG_INFORMATION_FORMAT = dwarf;
				ENABLE_STRICT_OBJC_MSGSEND = YES;
				ENABLE_TESTABILITY = YES;
				GCC_C_LANGUAGE_STANDARD = gnu11;
				GCC_DYNAMIC_NO_PIC = NO;
				GCC_NO_COMMON_BLOCKS = YES;
				GCC_OPTIMIZATION_LEVEL = 0;
				GCC_PREPROCESSOR_DEFINITIONS = (
					"DEBUG=1",
					"$(inherited)",
				);
				GCC_WARN_64_TO_32_BIT_CONVERSION = YES;
				GCC_WARN_ABOUT_RETURN_TYPE = YES_ERROR;
				GCC_WARN_UNDECLARED_SELECTOR = YES;
				GCC_WARN_UNINITIALIZED_AUTOS = YES_AGGRESSIVE;
				GCC_WARN_UNUSED_FUNCTION = YES;
				GCC_WARN_UNUSED_VARIABLE = YES;
				IPHONEOS_DEPLOYMENT_TARGET = 12.4;
				MTL_ENABLE_DEBUG_INFO = INCLUDE_SOURCE;
				MTL_FAST_MATH = YES;
				ONLY_ACTIVE_ARCH = YES;
				SDKROOT = iphoneos;
				SWIFT_ACTIVE_COMPILATION_CONDITIONS = DEBUG;
				SWIFT_OPTIMIZATION_LEVEL = "-Onone";
			};
			name = Debug;
		};
		0C1F24B023537B4C00533AF1 /* Release */ = {
			isa = XCBuildConfiguration;
			buildSettings = {
				ALWAYS_SEARCH_USER_PATHS = NO;
				CLANG_ANALYZER_LOCALIZABILITY_NONLOCALIZED = YES;
				CLANG_ANALYZER_NONNULL = YES;
				CLANG_ANALYZER_NUMBER_OBJECT_CONVERSION = YES_AGGRESSIVE;
				CLANG_CXX_LANGUAGE_STANDARD = "gnu++14";
				CLANG_CXX_LIBRARY = "libc++";
				CLANG_ENABLE_MODULES = YES;
				CLANG_ENABLE_OBJC_ARC = YES;
				CLANG_ENABLE_OBJC_WEAK = YES;
				CLANG_WARN_BLOCK_CAPTURE_AUTORELEASING = YES;
				CLANG_WARN_BOOL_CONVERSION = YES;
				CLANG_WARN_COMMA = YES;
				CLANG_WARN_CONSTANT_CONVERSION = YES;
				CLANG_WARN_DEPRECATED_OBJC_IMPLEMENTATIONS = YES;
				CLANG_WARN_DIRECT_OBJC_ISA_USAGE = YES_ERROR;
				CLANG_WARN_DOCUMENTATION_COMMENTS = YES;
				CLANG_WARN_EMPTY_BODY = YES;
				CLANG_WARN_ENUM_CONVERSION = YES;
				CLANG_WARN_INFINITE_RECURSION = YES;
				CLANG_WARN_INT_CONVERSION = YES;
				CLANG_WARN_NON_LITERAL_NULL_CONVERSION = YES;
				CLANG_WARN_OBJC_IMPLICIT_RETAIN_SELF = YES;
				CLANG_WARN_OBJC_LITERAL_CONVERSION = YES;
				CLANG_WARN_OBJC_ROOT_CLASS = YES_ERROR;
				CLANG_WARN_RANGE_LOOP_ANALYSIS = YES;
				CLANG_WARN_STRICT_PROTOTYPES = YES;
				CLANG_WARN_SUSPICIOUS_MOVE = YES;
				CLANG_WARN_UNGUARDED_AVAILABILITY = YES_AGGRESSIVE;
				CLANG_WARN_UNREACHABLE_CODE = YES;
				CLANG_WARN__DUPLICATE_METHOD_MATCH = YES;
				CODE_SIGN_IDENTITY = "iPhone Developer";
				COPY_PHASE_STRIP = NO;
				DEBUG_INFORMATION_FORMAT = "dwarf-with-dsym";
				ENABLE_NS_ASSERTIONS = NO;
				ENABLE_STRICT_OBJC_MSGSEND = YES;
				GCC_C_LANGUAGE_STANDARD = gnu11;
				GCC_NO_COMMON_BLOCKS = YES;
				GCC_WARN_64_TO_32_BIT_CONVERSION = YES;
				GCC_WARN_ABOUT_RETURN_TYPE = YES_ERROR;
				GCC_WARN_UNDECLARED_SELECTOR = YES;
				GCC_WARN_UNINITIALIZED_AUTOS = YES_AGGRESSIVE;
				GCC_WARN_UNUSED_FUNCTION = YES;
				GCC_WARN_UNUSED_VARIABLE = YES;
				IPHONEOS_DEPLOYMENT_TARGET = 12.4;
				MTL_ENABLE_DEBUG_INFO = NO;
				MTL_FAST_MATH = YES;
				SDKROOT = iphoneos;
				SWIFT_COMPILATION_MODE = wholemodule;
				SWIFT_OPTIMIZATION_LEVEL = "-O";
				VALIDATE_PRODUCT = YES;
			};
			name = Release;
		};
		0C1F24B223537B4C00533AF1 /* Debug */ = {
			isa = XCBuildConfiguration;
			buildSettings = {
				ASSETCATALOG_COMPILER_APPICON_NAME = AppIcon;
				CODE_SIGN_STYLE = Automatic;
				DEAD_CODE_STRIPPING = NO;
				DEVELOPMENT_TEAM = GCD2MCUEP4;
				INFOPLIST_FILE = habitude/Info.plist;
				IPHONEOS_DEPLOYMENT_TARGET = 11.0;
				LD_RUNPATH_SEARCH_PATHS = (
					"$(inherited)",
					"@executable_path/Frameworks",
				);
				PRODUCT_BUNDLE_IDENTIFIER = ru.mskr.habitude;
				PRODUCT_NAME = Habitude;
				SWIFT_VERSION = 5.0;
				TARGETED_DEVICE_FAMILY = "1,2";
			};
			name = Debug;
		};
		0C1F24B323537B4C00533AF1 /* Release */ = {
			isa = XCBuildConfiguration;
			buildSettings = {
				ASSETCATALOG_COMPILER_APPICON_NAME = AppIcon;
				CODE_SIGN_STYLE = Automatic;
				DEAD_CODE_STRIPPING = NO;
				DEVELOPMENT_TEAM = GCD2MCUEP4;
				INFOPLIST_FILE = habitude/Info.plist;
				IPHONEOS_DEPLOYMENT_TARGET = 11.0;
				LD_RUNPATH_SEARCH_PATHS = (
					"$(inherited)",
					"@executable_path/Frameworks",
				);
				PRODUCT_BUNDLE_IDENTIFIER = ru.mskr.habitude;
				PRODUCT_NAME = Habitude;
				SWIFT_VERSION = 5.0;
				TARGETED_DEVICE_FAMILY = "1,2";
			};
			name = Release;
		};
/* End XCBuildConfiguration section */

/* Begin XCConfigurationList section */
		0C1F249A23537B4B00533AF1 /* Build configuration list for PBXProject "habitude" */ = {
			isa = XCConfigurationList;
			buildConfigurations = (
				0C1F24AF23537B4C00533AF1 /* Debug */,
				0C1F24B023537B4C00533AF1 /* Release */,
			);
			defaultConfigurationIsVisible = 0;
			defaultConfigurationName = Release;
		};
		0C1F24B123537B4C00533AF1 /* Build configuration list for PBXNativeTarget "habitude" */ = {
			isa = XCConfigurationList;
			buildConfigurations = (
				0C1F24B223537B4C00533AF1 /* Debug */,
				0C1F24B323537B4C00533AF1 /* Release */,
			);
			defaultConfigurationIsVisible = 0;
			defaultConfigurationName = Release;
		};
/* End XCConfigurationList section */

/* Begin XCRemoteSwiftPackageReference section */
		0C662C412354554800515DF8 /* XCRemoteSwiftPackageReference "RxDataSources" */ = {
			isa = XCRemoteSwiftPackageReference;
			repositoryURL = "https://github.com/RxSwiftCommunity/RxDataSources";
			requirement = {
				kind = upToNextMajorVersion;
				minimumVersion = 4.0.1;
			};
		};
		0C662C462354559D00515DF8 /* XCRemoteSwiftPackageReference "realm-cocoa" */ = {
			isa = XCRemoteSwiftPackageReference;
			repositoryURL = "https://github.com/realm/realm-cocoa";
			requirement = {
				kind = upToNextMajorVersion;
				minimumVersion = 3.19.0;
			};
		};
		0C9615192366C4140038C48D /* XCRemoteSwiftPackageReference "RxRealm" */ = {
			isa = XCRemoteSwiftPackageReference;
			repositoryURL = "https://github.com/RxSwiftCommunity/RxRealm";
			requirement = {
				kind = upToNextMajorVersion;
				minimumVersion = 1.0.1;
			};
		};
/* End XCRemoteSwiftPackageReference section */

/* Begin XCSwiftPackageProductDependency section */
		0C662C442354554900515DF8 /* RxDataSources */ = {
			isa = XCSwiftPackageProductDependency;
			package = 0C662C412354554800515DF8 /* XCRemoteSwiftPackageReference "RxDataSources" */;
			productName = RxDataSources;
		};
		0C662C472354559D00515DF8 /* RealmSwift */ = {
			isa = XCSwiftPackageProductDependency;
			package = 0C662C462354559D00515DF8 /* XCRemoteSwiftPackageReference "realm-cocoa" */;
			productName = RealmSwift;
		};
		0C96151A2366C4140038C48D /* RxRealm */ = {
			isa = XCSwiftPackageProductDependency;
			package = 0C9615192366C4140038C48D /* XCRemoteSwiftPackageReference "RxRealm" */;
			productName = RxRealm;
		};
/* End XCSwiftPackageProductDependency section */
	};
	rootObject = 0C1F249723537B4B00533AF1 /* Project object */;
}
